
Microsoft Visual Studio Solution File, Format Version 12.00
# Visual Studio Version 17
VisualStudioVersion = 17.9.34902.65
MinimumVisualStudioVersion = 10.0.40219.1
Project("{9A19103F-16F7-4668-BE54-9A1E7A4F7556}") = "CodeChallengesConsoleUI", "CodeChallenges\CodeChallengesConsoleUI.csproj", "{35124B65-4DE5-4223-8510-339B85FCB164}"
EndProject
Project("{9A19103F-16F7-4668-BE54-9A1E7A4F7556}") = "ChallengeImplementation", "ChallengeImplementation\ChallengeImplementation.csproj", "{12C7B163-062E-4625-BBE9-AFE9D6441041}"
EndProject
Project("{9A19103F-16F7-4668-BE54-9A1E7A4F7556}") = "ExtensionUtils", "ExtensionUtils\ExtensionUtils.csproj", "{A6647097-A22B-4AE9-8A46-C9EEF4E62695}"
EndProject
Global
	GlobalSection(SolutionConfigurationPlatforms) = preSolution
		Debug|Any CPU = Debug|Any CPU
		Release|Any CPU = Release|Any CPU
	EndGlobalSection
	GlobalSection(ProjectConfigurationPlatforms) = postSolution
		{35124B65-4DE5-4223-8510-339B85FCB164}.Debug|Any CPU.ActiveCfg = Debug|Any CPU
		{35124B65-4DE5-4223-8510-339B85FCB164}.Debug|Any CPU.Build.0 = Debug|Any CPU
		{35124B65-4DE5-4223-8510-339B85FCB164}.Release|Any CPU.ActiveCfg = Release|Any CPU
		{35124B65-4DE5-4223-8510-339B85FCB164}.Release|Any CPU.Build.0 = Release|Any CPU
		{12C7B163-062E-4625-BBE9-AFE9D6441041}.Debug|Any CPU.ActiveCfg = Debug|Any CPU
		{12C7B163-062E-4625-BBE9-AFE9D6441041}.Debug|Any CPU.Build.0 = Debug|Any CPU
		{12C7B163-062E-4625-BBE9-AFE9D6441041}.Release|Any CPU.ActiveCfg = Release|Any CPU
		{12C7B163-062E-4625-BBE9-AFE9D6441041}.Release|Any CPU.Build.0 = Release|Any CPU
		{A6647097-A22B-4AE9-8A46-C9EEF4E62695}.Debug|Any CPU.ActiveCfg = Debug|Any CPU
		{A6647097-A22B-4AE9-8A46-C9EEF4E62695}.Debug|Any CPU.Build.0 = Debug|Any CPU
		{A6647097-A22B-4AE9-8A46-C9EEF4E62695}.Release|Any CPU.ActiveCfg = Release|Any CPU
		{A6647097-A22B-4AE9-8A46-C9EEF4E62695}.Release|Any CPU.Build.0 = Release|Any CPU
	EndGlobalSection
	GlobalSection(SolutionProperties) = preSolution
		HideSolutionNode = FALSE
	EndGlobalSection
	GlobalSection(ExtensibilityGlobals) = postSolution
		SolutionGuid = {8E3B6268-F349-4A82-AE38-6D9330613094}
	EndGlobalSection
EndGlobal
